
Microsoft Visual Studio Solution File, Format Version 12.00
# Visual Studio Version 17
VisualStudioVersion = 17.13.35828.75 d17.13
MinimumVisualStudioVersion = 10.0.40219.1
Project("{FAE04EC0-301F-11D3-BF4B-00C04F79EFBC}") = "Learning_Day_15", "Learning_Day_15.csproj", "{DB1B237C-CE91-43EC-94C4-7234E1C87B0B}"
EndProject
Global
	GlobalSection(SolutionConfigurationPlatforms) = preSolution
		Debug|Any CPU = Debug|Any CPU
		Release|Any CPU = Release|Any CPU
	EndGlobalSection
	GlobalSection(ProjectConfigurationPlatforms) = postSolution
		{DB1B237C-CE91-43EC-94C4-7234E1C87B0B}.Debug|Any CPU.ActiveCfg = Debug|Any CPU
		{DB1B237C-CE91-43EC-94C4-7234E1C87B0B}.Debug|Any CPU.Build.0 = Debug|Any CPU
		{DB1B237C-CE91-43EC-94C4-7234E1C87B0B}.Release|Any CPU.ActiveCfg = Release|Any CPU
		{DB1B237C-CE91-43EC-94C4-7234E1C87B0B}.Release|Any CPU.Build.0 = Release|Any CPU
	EndGlobalSection
	GlobalSection(SolutionProperties) = preSolution
		HideSolutionNode = FALSE
	EndGlobalSection
	GlobalSection(ExtensibilityGlobals) = postSolution
		SolutionGuid = {2B4F526A-31F3-45D6-BE5B-0A68AC945953}
	EndGlobalSection
EndGlobal
